
Microsoft Visual Studio Solution File, Format Version 12.00
Project("{FAE04EC0-301F-11D3-BF4B-00C04F79EFBC}") = "PunMyst", "PunMyst.csproj", "{FAC5DB1D-4543-4272-9D9D-98927BCF73EB}"
EndProject
Global
	GlobalSection(SolutionConfigurationPlatforms) = preSolution
		Debug|Any CPU = Debug|Any CPU
		Release|Any CPU = Release|Any CPU
	EndGlobalSection
	GlobalSection(ProjectConfigurationPlatforms) = postSolution
		{FAC5DB1D-4543-4272-9D9D-98927BCF73EB}.Debug|Any CPU.ActiveCfg = Debug|Any CPU
		{FAC5DB1D-4543-4272-9D9D-98927BCF73EB}.Debug|Any CPU.Build.0 = Debug|Any CPU
		{FAC5DB1D-4543-4272-9D9D-98927BCF73EB}.Release|Any CPU.ActiveCfg = Release|Any CPU
		{FAC5DB1D-4543-4272-9D9D-98927BCF73EB}.Release|Any CPU.Build.0 = Release|Any CPU
	EndGlobalSection
EndGlobal
