
Microsoft Visual Studio Solution File, Format Version 12.00
Project("{FAE04EC0-301F-11D3-BF4B-00C04F79EFBC}") = "PinkPunter.Backend", "PinkPunter.Backend.csproj", "{BAEE488D-C9B5-4217-964B-8246E148AB79}"
EndProject
Global
	GlobalSection(SolutionConfigurationPlatforms) = preSolution
		Debug|Any CPU = Debug|Any CPU
		Release|Any CPU = Release|Any CPU
	EndGlobalSection
	GlobalSection(ProjectConfigurationPlatforms) = postSolution
		{BAEE488D-C9B5-4217-964B-8246E148AB79}.Debug|Any CPU.ActiveCfg = Debug|Any CPU
		{BAEE488D-C9B5-4217-964B-8246E148AB79}.Debug|Any CPU.Build.0 = Debug|Any CPU
		{BAEE488D-C9B5-4217-964B-8246E148AB79}.Release|Any CPU.ActiveCfg = Release|Any CPU
		{BAEE488D-C9B5-4217-964B-8246E148AB79}.Release|Any CPU.Build.0 = Release|Any CPU
	EndGlobalSection
EndGlobal
